// !$*UTF8*$!
{
	archiveVersion = 1;
	classes = {
	};
	objectVersion = 46;
	objects = {

/* Begin PBXBuildFile section */
		D62ED7DB1D6D8AE60002EFFB /* main.swift in Sources */ = {isa = PBXBuildFile; fileRef = D62ED7DA1D6D8AE60002EFFB /* main.swift */; };
/* End PBXBuildFile section */

/* Begin PBXCopyFilesBuildPhase section */
		D62ED7D51D6D8AE60002EFFB /* CopyFiles */ = {
			isa = PBXCopyFilesBuildPhase;
			buildActionMask = 2147483647;
			dstPath = /usr/share/man/man1/;
			dstSubfolderSpec = 0;
			files = (
			);
			runOnlyForDeploymentPostprocessing = 1;
		};
/* End PBXCopyFilesBuildPhase section */

/* Begin PBXFileReference section */
		D62ED7D71D6D8AE60002EFFB /* swiftTestOne */ = {isa = PBXFileReference; explicitFileType = "compiled.mach-o.executable"; includeInIndex = 0; path = swiftTestOne; sourceTree = BUILT_PRODUCTS_DIR; };
		D62ED7DA1D6D8AE60002EFFB /* main.swift */ = {isa = PBXFileReference; lastKnownFileType = sourcecode.swift; path = main.swift; sourceTree = "<group>"; };
/* End PBXFileReference section */

/* Begin PBXFrameworksBuildPhase section */
		D62ED7D41D6D8AE60002EFFB /* Frameworks */ = {
			isa = PBXFrameworksBuildPhase;
			buildActionMask = 2147483647;
			files = (
			);
			runOnlyForDeploymentPostprocessing = 0;
		};
/* End PBXFrameworksBuildPhase section */

/* Begin PBXGroup section */
		D62ED7CE1D6D8AE60002EFFB = {
			isa = PBXGroup;
			children = (
				D62ED7D91D6D8AE60002EFFB /* swiftTestOne */,
				D62ED7D81D6D8AE60002EFFB /* Products */,
			);
			sourceTree = "<group>";
		};
		D62ED7D81D6D8AE60002EFFB /* Products */ = {
			isa = PBXGroup;
			children = (
				D62ED7D71D6D8AE60002EFFB /* swiftTestOne */,
			);
			name = Products;
			sourceTree = "<group>";
		};
		D62ED7D91D6D8AE60002EFFB /* swiftTestOne */ = {
			isa = PBXGroup;
			children = (
				D62ED7DA1D6D8AE60002EFFB /* main.swift */,
			);
			path = swiftTestOne;
			sourceTree = "<group>";
		};
/* End PBXGroup section */

/* Begin PBXNativeTarget section */
		D62ED7D61D6D8AE60002EFFB /* swiftTestOne */ = {
			isa = PBXNativeTarget;
			buildConfigurationList = D62ED7DE1D6D8AE60002EFFB /* Build configuration list for PBXNativeTarget "swiftTestOne" */;
			buildPhases = (
				D62ED7D31D6D8AE60002EFFB /* Sources */,
				D62ED7D41D6D8AE60002EFFB /* Frameworks */,
				D62ED7D51D6D8AE60002EFFB /* CopyFiles */,
			);
			buildRules = (
			);
			dependencies = (
			);
			name = swiftTestOne;
			productName = swiftTestOne;
			productReference = D62ED7D71D6D8AE60002EFFB /* swiftTestOne */;
			productType = "com.apple.product-type.tool";
		};
/* End PBXNativeTarget section */

/* Begin PBXProject section */
		D62ED7CF1D6D8AE60002EFFB /* Project object */ = {
			isa = PBXProject;
			attributes = {
				LastSwiftUpdateCheck = 0730;
				LastUpgradeCheck = 0730;
				ORGANIZATIONNAME = lemon95;
				TargetAttributes = {
					D62ED7D61D6D8AE60002EFFB = {
						CreatedOnToolsVersion = 7.3;
					};
				};
			};
			buildConfigurationList = D62ED7D21D6D8AE60002EFFB /* Build configuration list for PBXProject "swiftTestOne" */;
			compatibilityVersion = "Xcode 3.2";
			developmentRegion = English;
			hasScannedForEncodings = 0;
			knownRegions = (
				en,
			);
			mainGroup = D62ED7CE1D6D8AE60002EFFB;
			productRefGroup = D62ED7D81D6D8AE60002EFFB /* Products */;
			projectDirPath = "";
			projectRoot = "";
			targets = (
				D62ED7D61D6D8AE60002EFFB /* swiftTestOne */,
			);
		};
/* End PBXProject section */

/* Begin PBXSourcesBuildPhase section */
		D62ED7D31D6D8AE60002EFFB /* Sources */ = {
			isa = PBXSourcesBuildPhase;
			buildActionMask = 2147483647;
			files = (
				D62ED7DB1D6D8AE60002EFFB /* main.swift in Sources */,
			);
			runOnlyForDeploymentPostprocessing = 0;
		};
/* End PBXSourcesBuildPhase section */

/* Begin XCBuildConfiguration section */
		D62ED7DC1D6D8AE60002EFFB /* Debug */ = {
			isa = XCBuildConfiguration;
			buildSettings = {
				ALWAYS_SEARCH_USER_PATHS = NO;
				CLANG_ANALYZER_NONNULL = YES;
				CLANG_CXX_LANGUAGE_STANDARD = "gnu++0x";
				CLANG_CXX_LIBRARY = "libc++";
				CLANG_ENABLE_MODULES = YES;
				CLANG_ENABLE_OBJC_ARC = YES;
				CLANG_WARN_BOOL_CONVERSION = YES;
				CLANG_WARN_CONSTANT_CONVERSION = YES;
				CLANG_WARN_DIRECT_OBJC_ISA_USAGE = YES_ERROR;
				CLANG_WARN_EMPTY_BODY = YES;
				CLANG_WARN_ENUM_CONVERSION = YES;
				CLANG_WARN_INT_CONVERSION = YES;
				CLANG_WARN_OBJC_ROOT_CLASS = YES_ERROR;
				CLANG_WARN_UNREACHABLE_CODE = YES;
				CLANG_WARN__DUPLICATE_METHOD_MATCH = YES;
				CODE_SIGN_IDENTITY = "-";
				COPY_PHASE_STRIP = NO;
				DEBUG_INFORMATION_FORMAT = dwarf;
				ENABLE_STRICT_OBJC_MSGSEND = YES;
				ENABLE_TESTABILITY = YES;
				GCC_C_LANGUAGE_STANDARD = gnu99;
				GCC_DYNAMIC_NO_PIC = NO;
				GCC_NO_COMMON_BLOCKS = YES;
				GCC_OPTIMIZATION_LEVEL = 0;
				GCC_PREPROCESSOR_DEFINITIONS = (
					"DEBUG=1",
					"$(inherited)",
				);
				GCC_WARN_64_TO_32_BIT_CONVERSION = YES;
				GCC_WARN_ABOUT_RETURN_TYPE = YES_ERROR;
				GCC_WARN_UNDECLARED_SELECTOR = YES;
				GCC_WARN_UNINITIALIZED_AUTOS = YES_AGGRESSIVE;
				GCC_WARN_UNUSED_FUNCTION = YES;
				GCC_WARN_UNUSED_VARIABLE = YES;
				MACOSX_DEPLOYMENT_TARGET = 10.11;
				MTL_ENABLE_DEBUG_INFO = YES;
				ONLY_ACTIVE_ARCH = YES;
				SDKROOT = macosx;
				SWIFT_OPTIMIZATION_LEVEL = "-Onone";
			};
			name = Debug;
		};
		D62ED7DD1D6D8AE60002EFFB /* Release */ = {
			isa = XCBuildConfiguration;
			buildSettings = {
				ALWAYS_SEARCH_USER_PATHS = NO;
				CLANG_ANALYZER_NONNULL = YES;
				CLANG_CXX_LANGUAGE_STANDARD = "gnu++0x";
				CLANG_CXX_LIBRARY = "libc++";
				CLANG_ENABLE_MODULES = YES;
				CLANG_ENABLE_OBJC_ARC = YES;
				CLANG_WARN_BOOL_CONVERSION = YES;
				CLANG_WARN_CONSTANT_CONVERSION = YES;
				CLANG_WARN_DIRECT_OBJC_ISA_USAGE = YES_ERROR;
				CLANG_WARN_EMPTY_BODY = YES;
				CLANG_WARN_ENUM_CONVERSION = YES;
				CLANG_WARN_INT_CONVERSION = YES;
				CLANG_WARN_OBJC_ROOT_CLASS = YES_ERROR;
				CLANG_WARN_UNREACHABLE_CODE = YES;
				CLANG_WARN__DUPLICATE_METHOD_MATCH = YES;
				CODE_SIGN_IDENTITY = "-";
				COPY_PHASE_STRIP = NO;
				DEBUG_INFORMATION_FORMAT = "dwarf-with-dsym";
				ENABLE_NS_ASSERTIONS = NO;
				ENABLE_STRICT_OBJC_MSGSEND = YES;
				GCC_C_LANGUAGE_STANDARD = gnu99;
				GCC_NO_COMMON_BLOCKS = YES;
				GCC_WARN_64_TO_32_BIT_CONVERSION = YES;
				GCC_WARN_ABOUT_RETURN_TYPE = YES_ERROR;
				GCC_WARN_UNDECLARED_SELECTOR = YES;
				GCC_WARN_UNINITIALIZED_AUTOS = YES_AGGRESSIVE;
				GCC_WARN_UNUSED_FUNCTION = YES;
				GCC_WARN_UNUSED_VARIABLE = YES;
				MACOSX_DEPLOYMENT_TARGET = 10.11;
				MTL_ENABLE_DEBUG_INFO = NO;
				SDKROOT = macosx;
			};
			name = Release;
		};
		D62ED7DF1D6D8AE60002EFFB /* Debug */ = {
			isa = XCBuildConfiguration;
			buildSettings = {
				PRODUCT_NAME = "$(TARGET_NAME)";
			};
			name = Debug;
		};
		D62ED7E01D6D8AE60002EFFB /* Release */ = {
			isa = XCBuildConfiguration;
			buildSettings = {
				PRODUCT_NAME = "$(TARGET_NAME)";
			};
			name = Release;
		};
/* End XCBuildConfiguration section */

/* Begin XCConfigurationList section */
		D62ED7D21D6D8AE60002EFFB /* Build configuration list for PBXProject "swiftTestOne" */ = {
			isa = XCConfigurationList;
			buildConfigurations = (
				D62ED7DC1D6D8AE60002EFFB /* Debug */,
				D62ED7DD1D6D8AE60002EFFB /* Release */,
			);
			defaultConfigurationIsVisible = 0;
			defaultConfigurationName = Release;
		};
		D62ED7DE1D6D8AE60002EFFB /* Build configuration list for PBXNativeTarget "swiftTestOne" */ = {
			isa = XCConfigurationList;
			buildConfigurations = (
				D62ED7DF1D6D8AE60002EFFB /* Debug */,
				D62ED7E01D6D8AE60002EFFB /* Release */,
			);
			defaultConfigurationIsVisible = 0;
		};
/* End XCConfigurationList section */
	};
	rootObject = D62ED7CF1D6D8AE60002EFFB /* Project object */;
}
